github.com/deepflowio/deepflow-wasm-go-sdk v0.0.0-20231120035225-2fb68ce5cbab h1:c93J2mWZjls2bxsS8/zDbPsCwQ6U4kJQLwiUdOJNxC4=
github.com/deepflowio/deepflow-wasm-go-sdk v0.0.0-20231120035225-2fb68ce5cbab/go.mod h1:G/KqcNcqz3Vy6N/dz1w5VXCdUJvG1Wmx3zQt/wc19/4=
github.com/magefile/mage v1.14.0 h1:6QDX3g6z1YvJ4olPhT1wksUcSa/V0a1B+pJb73fBjyo=
github.com/magefile/mage v1.14.0/go.mod h1:z5UZb/iS3GoOSn0JgWuiw7dxlurVYTu+/jHXqQg881A=
github.com/wasilibs/nottinygc v0.7.1 h1:rKu19+SFniRNuSo5NX7/wxpSpXmMUmkcyt/YiWLJg8w=
github.com/wasilibs/nottinygc v0.7.1/go.mod h1:oDcIotskuYNMpqMF23l7Z8uzD4TC0WXHK8jetlB3HIo=
