github.com/deepflowio/deepflow-wasm-go-sdk v0.0.0-20231106083606-c1d6fa2dd86c h1:xJKwRNSOr8aSWsffGF9wrFV2InIBqjaToCoc6X9mY9o=
github.com/deepflowio/deepflow-wasm-go-sdk v0.0.0-20231106083606-c1d6fa2dd86c/go.mod h1:G/KqcNcqz3Vy6N/dz1w5VXCdUJvG1Wmx3zQt/wc19/4=
github.com/magefile/mage v1.14.0 h1:6QDX3g6z1YvJ4olPhT1wksUcSa/V0a1B+pJb73fBjyo=
github.com/magefile/mage v1.14.0/go.mod h1:z5UZb/iS3GoOSn0JgWuiw7dxlurVYTu+/jHXqQg881A=
github.com/wasilibs/nottinygc v0.7.1 h1:rKu19+SFniRNuSo5NX7/wxpSpXmMUmkcyt/YiWLJg8w=
github.com/wasilibs/nottinygc v0.7.1/go.mod h1:oDcIotskuYNMpqMF23l7Z8uzD4TC0WXHK8jetlB3HIo=
gopkg.in/check.v1 v0.0.0-20161208181325-20d25e280405 h1:yhCVgyC4o1eVCa2tZl7eS0r+SDo693bJlVdllGtEeKM=
gopkg.in/check.v1 v0.0.0-20161208181325-20d25e280405/go.mod h1:Co6ibVJAznAaIkqp8huTwlJQCZ016jof/cbN4VW5Yz0=
gopkg.in/yaml.v3 v3.0.1 h1:fxVm/GzAzEWqLHuvctI91KS9hhNmmWOoWu0XTYJS7CA=
gopkg.in/yaml.v3 v3.0.1/go.mod h1:K4uyk7z7BCEPqu6E+C64Yfv1cQ7kz7rIZviUmN+EgEM=
